// !$*UTF8*$!
{
	archiveVersion = 1;
	classes = {
	};
	objectVersion = 77;
	objects = {

/* Begin PBXBuildFile section */
		ED4365BC2F52D92300430841 /* MLX in Frameworks */ = {isa = PBXBuildFile; productRef = ED4365BB2F52D92300430841 /* MLX */; };
		ED4365BE2F52D92300430841 /* MLXFFT in Frameworks */ = {isa = PBXBuildFile; productRef = ED4365BD2F52D92300430841 /* MLXFFT */; };
		ED4365C02F52D92300430841 /* MLXFast in Frameworks */ = {isa = PBXBuildFile; productRef = ED4365BF2F52D92300430841 /* MLXFast */; };
		ED4365C22F52D92300430841 /* MLXLinalg in Frameworks */ = {isa = PBXBuildFile; productRef = ED4365C12F52D92300430841 /* MLXLinalg */; };
		ED4365C42F52D92300430841 /* MLXNN in Frameworks */ = {isa = PBXBuildFile; productRef = ED4365C32F52D92300430841 /* MLXNN */; };
		ED4365C62F52D92300430841 /* MLXOptimizers in Frameworks */ = {isa = PBXBuildFile; productRef = ED4365C52F52D92300430841 /* MLXOptimizers */; };
		ED4365C82F52D92300430841 /* MLXRandom in Frameworks */ = {isa = PBXBuildFile; productRef = ED4365C72F52D92300430841 /* MLXRandom */; };
		ED4365DB2F52D9B000430841 /* Core in Frameworks */ = {isa = PBXBuildFile; productRef = ED4365DA2F52D9B000430841 /* Core */; };
		ED4365DE2F52D9C300430841 /* ModelLoading in Frameworks */ = {isa = PBXBuildFile; productRef = ED4365DD2F52D9C300430841 /* ModelLoading */; };
		ED4365E12F52D9E200430841 /* TextInference in Frameworks */ = {isa = PBXBuildFile; productRef = ED4365E02F52D9E200430841 /* TextInference */; };
		ED4365E42F52D9F800430841 /* UI in Frameworks */ = {isa = PBXBuildFile; productRef = ED4365E32F52D9F800430841 /* UI */; };
		ED4365E72F52DA0D00430841 /* AIAssistant in Frameworks */ = {isa = PBXBuildFile; productRef = ED4365E62F52DA0D00430841 /* AIAssistant */; };
		ED4365EA2F52DA1B00430841 /* ImageInference in Frameworks */ = {isa = PBXBuildFile; productRef = ED4365E92F52DA1B00430841 /* ImageInference */; };
		ED4365EE2F52DB6000430841 /* ModelLoading in Frameworks */ = {isa = PBXBuildFile; productRef = ED4365ED2F52DB6000430841 /* ModelLoading */; };
		ED6327DD2F55CE2A0019907F /* MLXMNIST in Frameworks */ = {isa = PBXBuildFile; productRef = ED6327DC2F55CE2A0019907F /* MLXMNIST */; };
		ED6327DF2F55CE2A0019907F /* StableDiffusion in Frameworks */ = {isa = PBXBuildFile; productRef = ED6327DE2F55CE2A0019907F /* StableDiffusion */; };
		EDE41E902F546F1B0023FF02 /* MLXEmbedders in Frameworks */ = {isa = PBXBuildFile; productRef = EDE41E8F2F546F1B0023FF02 /* MLXEmbedders */; };
		EDE41E922F546F1B0023FF02 /* MLXLLM in Frameworks */ = {isa = PBXBuildFile; productRef = EDE41E912F546F1B0023FF02 /* MLXLLM */; };
		EDE41E942F546F1B0023FF02 /* MLXLMCommon in Frameworks */ = {isa = PBXBuildFile; productRef = EDE41E932F546F1B0023FF02 /* MLXLMCommon */; };
		EDE41E962F546F1B0023FF02 /* MLXVLM in Frameworks */ = {isa = PBXBuildFile; productRef = EDE41E952F546F1B0023FF02 /* MLXVLM */; };
		EDE41E992F546F3D0023FF02 /* Hub in Frameworks */ = {isa = PBXBuildFile; productRef = EDE41E982F546F3D0023FF02 /* Hub */; };
		EDE41E9B2F546F3D0023FF02 /* Tokenizers in Frameworks */ = {isa = PBXBuildFile; productRef = EDE41E9A2F546F3D0023FF02 /* Tokenizers */; };
		EDE41E9D2F546F3D0023FF02 /* Transformers in Frameworks */ = {isa = PBXBuildFile; productRef = EDE41E9C2F546F3D0023FF02 /* Transformers */; };
		EDE41EA02F5470840023FF02 /* Hub in Frameworks */ = {isa = PBXBuildFile; productRef = EDE41E9F2F5470840023FF02 /* Hub */; };
		EDE41EA22F5470840023FF02 /* Tokenizers in Frameworks */ = {isa = PBXBuildFile; productRef = EDE41EA12F5470840023FF02 /* Tokenizers */; };
		EDE41EA42F5470840023FF02 /* Transformers in Frameworks */ = {isa = PBXBuildFile; productRef = EDE41EA32F5470840023FF02 /* Transformers */; };
		EDE41EA72F5470980023FF02 /* MLXEmbedders in Frameworks */ = {isa = PBXBuildFile; productRef = EDE41EA62F5470980023FF02 /* MLXEmbedders */; };
		EDE41EA92F5470980023FF02 /* MLXLLM in Frameworks */ = {isa = PBXBuildFile; productRef = EDE41EA82F5470980023FF02 /* MLXLLM */; };
		EDE41EAB2F5470980023FF02 /* MLXLMCommon in Frameworks */ = {isa = PBXBuildFile; productRef = EDE41EAA2F5470980023FF02 /* MLXLMCommon */; };
		EDE41EAD2F5470980023FF02 /* MLXVLM in Frameworks */ = {isa = PBXBuildFile; productRef = EDE41EAC2F5470980023FF02 /* MLXVLM */; };
/* End PBXBuildFile section */

/* Begin PBXContainerItemProxy section */
		ED43659E2F52D7D400430841 /* PBXContainerItemProxy */ = {
			isa = PBXContainerItemProxy;
			containerPortal = ED4365862F52D7D300430841 /* Project object */;
			proxyType = 1;
			remoteGlobalIDString = ED43658D2F52D7D300430841;
			remoteInfo = D;
		};
		ED4365A82F52D7D400430841 /* PBXContainerItemProxy */ = {
			isa = PBXContainerItemProxy;
			containerPortal = ED4365862F52D7D300430841 /* Project object */;
			proxyType = 1;
			remoteGlobalIDString = ED43658D2F52D7D300430841;
			remoteInfo = D;
		};
/* End PBXContainerItemProxy section */

/* Begin PBXFileReference section */
		ED43658E2F52D7D300430841 /* D.app */ = {isa = PBXFileReference; explicitFileType = wrapper.application; includeInIndex = 0; path = D.app; sourceTree = BUILT_PRODUCTS_DIR; };
		ED43659D2F52D7D400430841 /* DTests.xctest */ = {isa = PBXFileReference; explicitFileType = wrapper.cfbundle; includeInIndex = 0; path = DTests.xctest; sourceTree = BUILT_PRODUCTS_DIR; };
		ED4365A72F52D7D400430841 /* DUITests.xctest */ = {isa = PBXFileReference; explicitFileType = wrapper.cfbundle; includeInIndex = 0; path = DUITests.xctest; sourceTree = BUILT_PRODUCTS_DIR; };
/* End PBXFileReference section */

/* Begin PBXFileSystemSynchronizedRootGroup section */
		ED4365902F52D7D300430841 /* D */ = {
			isa = PBXFileSystemSynchronizedRootGroup;
			path = D;
			sourceTree = "<group>";
		};
		ED4365A02F52D7D400430841 /* DTests */ = {
			isa = PBXFileSystemSynchronizedRootGroup;
			path = DTests;
			sourceTree = "<group>";
		};
		ED4365AA2F52D7D400430841 /* DUITests */ = {
			isa = PBXFileSystemSynchronizedRootGroup;
			path = DUITests;
			sourceTree = "<group>";
		};
/* End PBXFileSystemSynchronizedRootGroup section */

/* Begin PBXFrameworksBuildPhase section */
		ED43658B2F52D7D300430841 /* Frameworks */ = {
			isa = PBXFrameworksBuildPhase;
			buildActionMask = 2147483647;
			files = (
				EDE41EA92F5470980023FF02 /* MLXLLM in Frameworks */,
				EDE41E9D2F546F3D0023FF02 /* Transformers in Frameworks */,
				ED4365EA2F52DA1B00430841 /* ImageInference in Frameworks */,
				ED4365C62F52D92300430841 /* MLXOptimizers in Frameworks */,
				EDE41EAB2F5470980023FF02 /* MLXLMCommon in Frameworks */,
				ED4365C02F52D92300430841 /* MLXFast in Frameworks */,
				ED4365E12F52D9E200430841 /* TextInference in Frameworks */,
				EDE41E9B2F546F3D0023FF02 /* Tokenizers in Frameworks */,
				EDE41E992F546F3D0023FF02 /* Hub in Frameworks */,
				EDE41E942F546F1B0023FF02 /* MLXLMCommon in Frameworks */,
				EDE41EAD2F5470980023FF02 /* MLXVLM in Frameworks */,
				EDE41EA02F5470840023FF02 /* Hub in Frameworks */,
				ED4365EE2F52DB6000430841 /* ModelLoading in Frameworks */,
				ED4365E42F52D9F800430841 /* UI in Frameworks */,
				ED4365E72F52DA0D00430841 /* AIAssistant in Frameworks */,
				ED4365C22F52D92300430841 /* MLXLinalg in Frameworks */,
				ED4365BC2F52D92300430841 /* MLX in Frameworks */,
				ED4365DB2F52D9B000430841 /* Core in Frameworks */,
				ED4365C42F52D92300430841 /* MLXNN in Frameworks */,
				ED6327DF2F55CE2A0019907F /* StableDiffusion in Frameworks */,
				ED6327DD2F55CE2A0019907F /* MLXMNIST in Frameworks */,
				ED4365DE2F52D9C300430841 /* ModelLoading in Frameworks */,
				EDE41E922F546F1B0023FF02 /* MLXLLM in Frameworks */,
				EDE41EA42F5470840023FF02 /* Transformers in Frameworks */,
				EDE41EA72F5470980023FF02 /* MLXEmbedders in Frameworks */,
				EDE41E962F546F1B0023FF02 /* MLXVLM in Frameworks */,
				ED4365BE2F52D92300430841 /* MLXFFT in Frameworks */,
				ED4365C82F52D92300430841 /* MLXRandom in Frameworks */,
				EDE41E902F546F1B0023FF02 /* MLXEmbedders in Frameworks */,
				EDE41EA22F5470840023FF02 /* Tokenizers in Frameworks */,
			);
			runOnlyForDeploymentPostprocessing = 0;
		};
		ED43659A2F52D7D400430841 /* Frameworks */ = {
			isa = PBXFrameworksBuildPhase;
			buildActionMask = 2147483647;
			files = (
			);
			runOnlyForDeploymentPostprocessing = 0;
		};
		ED4365A42F52D7D400430841 /* Frameworks */ = {
			isa = PBXFrameworksBuildPhase;
			buildActionMask = 2147483647;
			files = (
			);
			runOnlyForDeploymentPostprocessing = 0;
		};
/* End PBXFrameworksBuildPhase section */

/* Begin PBXGroup section */
		ED4365852F52D7D300430841 = {
			isa = PBXGroup;
			children = (
				ED4365902F52D7D300430841 /* D */,
				ED4365A02F52D7D400430841 /* DTests */,
				ED4365AA2F52D7D400430841 /* DUITests */,
				ED4365EB2F52DA5000430841 /* Frameworks */,
				ED43658F2F52D7D300430841 /* Products */,
			);
			sourceTree = "<group>";
		};
		ED43658F2F52D7D300430841 /* Products */ = {
			isa = PBXGroup;
			children = (
				ED43658E2F52D7D300430841 /* D.app */,
				ED43659D2F52D7D400430841 /* DTests.xctest */,
				ED4365A72F52D7D400430841 /* DUITests.xctest */,
			);
			name = Products;
			sourceTree = "<group>";
		};
		ED4365EB2F52DA5000430841 /* Frameworks */ = {
			isa = PBXGroup;
			children = (
			);
			name = Frameworks;
			sourceTree = "<group>";
		};
/* End PBXGroup section */

/* Begin PBXNativeTarget section */
		ED43658D2F52D7D300430841 /* D */ = {
			isa = PBXNativeTarget;
			buildConfigurationList = ED4365B12F52D7D400430841 /* Build configuration list for PBXNativeTarget "D" */;
			buildPhases = (
				ED43658A2F52D7D300430841 /* Sources */,
				ED43658B2F52D7D300430841 /* Frameworks */,
				ED43658C2F52D7D300430841 /* Resources */,
			);
			buildRules = (
			);
			dependencies = (
			);
			fileSystemSynchronizedGroups = (
				ED4365902F52D7D300430841 /* D */,
			);
			name = D;
			packageProductDependencies = (
				ED4365BB2F52D92300430841 /* MLX */,
				ED4365BD2F52D92300430841 /* MLXFFT */,
				ED4365BF2F52D92300430841 /* MLXFast */,
				ED4365C12F52D92300430841 /* MLXLinalg */,
				ED4365C32F52D92300430841 /* MLXNN */,
				ED4365C52F52D92300430841 /* MLXOptimizers */,
				ED4365C72F52D92300430841 /* MLXRandom */,
				ED4365DA2F52D9B000430841 /* Core */,
				ED4365DD2F52D9C300430841 /* ModelLoading */,
				ED4365E02F52D9E200430841 /* TextInference */,
				ED4365E32F52D9F800430841 /* UI */,
				ED4365E62F52DA0D00430841 /* AIAssistant */,
				ED4365E92F52DA1B00430841 /* ImageInference */,
				ED4365ED2F52DB6000430841 /* ModelLoading */,
				EDE41E8F2F546F1B0023FF02 /* MLXEmbedders */,
				EDE41E912F546F1B0023FF02 /* MLXLLM */,
				EDE41E932F546F1B0023FF02 /* MLXLMCommon */,
				EDE41E952F546F1B0023FF02 /* MLXVLM */,
				EDE41E982F546F3D0023FF02 /* Hub */,
				EDE41E9A2F546F3D0023FF02 /* Tokenizers */,
				EDE41E9C2F546F3D0023FF02 /* Transformers */,
				EDE41E9F2F5470840023FF02 /* Hub */,
				EDE41EA12F5470840023FF02 /* Tokenizers */,
				EDE41EA32F5470840023FF02 /* Transformers */,
				EDE41EA62F5470980023FF02 /* MLXEmbedders */,
				EDE41EA82F5470980023FF02 /* MLXLLM */,
				EDE41EAA2F5470980023FF02 /* MLXLMCommon */,
				EDE41EAC2F5470980023FF02 /* MLXVLM */,
				ED6327DC2F55CE2A0019907F /* MLXMNIST */,
				ED6327DE2F55CE2A0019907F /* StableDiffusion */,
			);
			productName = D;
			productReference = ED43658E2F52D7D300430841 /* D.app */;
			productType = "com.apple.product-type.application";
		};
		ED43659C2F52D7D400430841 /* DTests */ = {
			isa = PBXNativeTarget;
			buildConfigurationList = ED4365B42F52D7D400430841 /* Build configuration list for PBXNativeTarget "DTests" */;
			buildPhases = (
				ED4365992F52D7D400430841 /* Sources */,
				ED43659A2F52D7D400430841 /* Frameworks */,
				ED43659B2F52D7D400430841 /* Resources */,
			);
			buildRules = (
			);
			dependencies = (
				ED43659F2F52D7D400430841 /* PBXTargetDependency */,
			);
			fileSystemSynchronizedGroups = (
				ED4365A02F52D7D400430841 /* DTests */,
			);
			name = DTests;
			packageProductDependencies = (
			);
			productName = DTests;
			productReference = ED43659D2F52D7D400430841 /* DTests.xctest */;
			productType = "com.apple.product-type.bundle.unit-test";
		};
		ED4365A62F52D7D400430841 /* DUITests */ = {
			isa = PBXNativeTarget;
			buildConfigurationList = ED4365B72F52D7D400430841 /* Build configuration list for PBXNativeTarget "DUITests" */;
			buildPhases = (
				ED4365A32F52D7D400430841 /* Sources */,
				ED4365A42F52D7D400430841 /* Frameworks */,
				ED4365A52F52D7D400430841 /* Resources */,
			);
			buildRules = (
			);
			dependencies = (
				ED4365A92F52D7D400430841 /* PBXTargetDependency */,
			);
			fileSystemSynchronizedGroups = (
				ED4365AA2F52D7D400430841 /* DUITests */,
			);
			name = DUITests;
			packageProductDependencies = (
			);
			productName = DUITests;
			productReference = ED4365A72F52D7D400430841 /* DUITests.xctest */;
			productType = "com.apple.product-type.bundle.ui-testing";
		};
/* End PBXNativeTarget section */

/* Begin PBXProject section */
		ED4365862F52D7D300430841 /* Project object */ = {
			isa = PBXProject;
			attributes = {
				BuildIndependentTargetsInParallel = 1;
				LastSwiftUpdateCheck = 2620;
				LastUpgradeCheck = 2630;
				TargetAttributes = {
					ED43658D2F52D7D300430841 = {
						CreatedOnToolsVersion = 26.2;
					};
					ED43659C2F52D7D400430841 = {
						CreatedOnToolsVersion = 26.2;
						TestTargetID = ED43658D2F52D7D300430841;
					};
					ED4365A62F52D7D400430841 = {
						CreatedOnToolsVersion = 26.2;
						TestTargetID = ED43658D2F52D7D300430841;
					};
				};
			};
			buildConfigurationList = ED4365892F52D7D300430841 /* Build configuration list for PBXProject "D" */;
			developmentRegion = en;
			hasScannedForEncodings = 0;
			knownRegions = (
				en,
				Base,
			);
			mainGroup = ED4365852F52D7D300430841;
			minimizedProjectReferenceProxies = 1;
			packageReferences = (
				ED4365BA2F52D92300430841 /* XCLocalSwiftPackageReference "Vendor/mlx-swift" */,
				ED4365D92F52D9B000430841 /* XCLocalSwiftPackageReference "Packages/Core" */,
				ED4365DF2F52D9E200430841 /* XCLocalSwiftPackageReference "Packages/TextInference" */,
				ED4365E22F52D9F800430841 /* XCLocalSwiftPackageReference "Packages/UI" */,
				ED4365E52F52DA0D00430841 /* XCLocalSwiftPackageReference "Packages/AIAssistant" */,
				ED4365E82F52DA1B00430841 /* XCLocalSwiftPackageReference "Packages/ImageInference" */,
				ED4365EC2F52DB6000430841 /* XCLocalSwiftPackageReference "Packages/ModelLoading" */,
				EDE41E9E2F5470840023FF02 /* XCRemoteSwiftPackageReference "swift-transformers" */,
				EDE41EA52F5470980023FF02 /* XCRemoteSwiftPackageReference "mlx-swift-lm" */,
				ED6327DB2F55CE2A0019907F /* XCRemoteSwiftPackageReference "mlx-swift-examples" */,
			);
			preferredProjectObjectVersion = 77;
			productRefGroup = ED43658F2F52D7D300430841 /* Products */;
			projectDirPath = "";
			projectRoot = "";
			targets = (
				ED43658D2F52D7D300430841 /* D */,
				ED43659C2F52D7D400430841 /* DTests */,
				ED4365A62F52D7D400430841 /* DUITests */,
			);
		};
/* End PBXProject section */

/* Begin PBXResourcesBuildPhase section */
		ED43658C2F52D7D300430841 /* Resources */ = {
			isa = PBXResourcesBuildPhase;
			buildActionMask = 2147483647;
			files = (
			);
			runOnlyForDeploymentPostprocessing = 0;
		};
		ED43659B2F52D7D400430841 /* Resources */ = {
			isa = PBXResourcesBuildPhase;
			buildActionMask = 2147483647;
			files = (
			);
			runOnlyForDeploymentPostprocessing = 0;
		};
		ED4365A52F52D7D400430841 /* Resources */ = {
			isa = PBXResourcesBuildPhase;
			buildActionMask = 2147483647;
			files = (
			);
			runOnlyForDeploymentPostprocessing = 0;
		};
/* End PBXResourcesBuildPhase section */

/* Begin PBXSourcesBuildPhase section */
		ED43658A2F52D7D300430841 /* Sources */ = {
			isa = PBXSourcesBuildPhase;
			buildActionMask = 2147483647;
			files = (
			);
			runOnlyForDeploymentPostprocessing = 0;
		};
		ED4365992F52D7D400430841 /* Sources */ = {
			isa = PBXSourcesBuildPhase;
			buildActionMask = 2147483647;
			files = (
			);
			runOnlyForDeploymentPostprocessing = 0;
		};
		ED4365A32F52D7D400430841 /* Sources */ = {
			isa = PBXSourcesBuildPhase;
			buildActionMask = 2147483647;
			files = (
			);
			runOnlyForDeploymentPostprocessing = 0;
		};
/* End PBXSourcesBuildPhase section */

/* Begin PBXTargetDependency section */
		ED43659F2F52D7D400430841 /* PBXTargetDependency */ = {
			isa = PBXTargetDependency;
			target = ED43658D2F52D7D300430841 /* D */;
			targetProxy = ED43659E2F52D7D400430841 /* PBXContainerItemProxy */;
		};
		ED4365A92F52D7D400430841 /* PBXTargetDependency */ = {
			isa = PBXTargetDependency;
			target = ED43658D2F52D7D300430841 /* D */;
			targetProxy = ED4365A82F52D7D400430841 /* PBXContainerItemProxy */;
		};
/* End PBXTargetDependency section */

/* Begin XCBuildConfiguration section */
		ED4365AF2F52D7D400430841 /* Debug */ = {
			isa = XCBuildConfiguration;
			buildSettings = {
				ALWAYS_SEARCH_USER_PATHS = NO;
				ASSETCATALOG_COMPILER_GENERATE_SWIFT_ASSET_SYMBOL_EXTENSIONS = YES;
				CLANG_ANALYZER_NONNULL = YES;
				CLANG_ANALYZER_NUMBER_OBJECT_CONVERSION = YES_AGGRESSIVE;
				CLANG_CXX_LANGUAGE_STANDARD = "gnu++20";
				CLANG_ENABLE_MODULES = YES;
				CLANG_ENABLE_OBJC_ARC = YES;
				CLANG_ENABLE_OBJC_WEAK = YES;
				CLANG_WARN_BLOCK_CAPTURE_AUTORELEASING = YES;
				CLANG_WARN_BOOL_CONVERSION = YES;
				CLANG_WARN_COMMA = YES;
				CLANG_WARN_CONSTANT_CONVERSION = YES;
				CLANG_WARN_DEPRECATED_OBJC_IMPLEMENTATIONS = YES;
				CLANG_WARN_DIRECT_OBJC_ISA_USAGE = YES_ERROR;
				CLANG_WARN_DOCUMENTATION_COMMENTS = YES;
				CLANG_WARN_EMPTY_BODY = YES;
				CLANG_WARN_ENUM_CONVERSION = YES;
				CLANG_WARN_INFINITE_RECURSION = YES;
				CLANG_WARN_INT_CONVERSION = YES;
				CLANG_WARN_NON_LITERAL_NULL_CONVERSION = YES;
				CLANG_WARN_OBJC_IMPLICIT_RETAIN_SELF = YES;
				CLANG_WARN_OBJC_LITERAL_CONVERSION = YES;
				CLANG_WARN_OBJC_ROOT_CLASS = YES_ERROR;
				CLANG_WARN_QUOTED_INCLUDE_IN_FRAMEWORK_HEADER = YES;
				CLANG_WARN_RANGE_LOOP_ANALYSIS = YES;
				CLANG_WARN_STRICT_PROTOTYPES = YES;
				CLANG_WARN_SUSPICIOUS_MOVE = YES;
				CLANG_WARN_UNGUARDED_AVAILABILITY = YES_AGGRESSIVE;
				CLANG_WARN_UNREACHABLE_CODE = YES;
				CLANG_WARN__DUPLICATE_METHOD_MATCH = YES;
				COPY_PHASE_STRIP = NO;
				DEAD_CODE_STRIPPING = YES;
				DEBUG_INFORMATION_FORMAT = dwarf;
				DEVELOPMENT_TEAM = 3V4T79WLQS;
				ENABLE_STRICT_OBJC_MSGSEND = YES;
				ENABLE_TESTABILITY = YES;
				ENABLE_USER_SCRIPT_SANDBOXING = YES;
				GCC_C_LANGUAGE_STANDARD = gnu17;
				GCC_DYNAMIC_NO_PIC = NO;
				GCC_NO_COMMON_BLOCKS = YES;
				GCC_OPTIMIZATION_LEVEL = 0;
				GCC_PREPROCESSOR_DEFINITIONS = (
					"DEBUG=1",
					"$(inherited)",
				);
				GCC_WARN_64_TO_32_BIT_CONVERSION = YES;
				GCC_WARN_ABOUT_RETURN_TYPE = YES_ERROR;
				GCC_WARN_UNDECLARED_SELECTOR = YES;
				GCC_WARN_UNINITIALIZED_AUTOS = YES_AGGRESSIVE;
				GCC_WARN_UNUSED_FUNCTION = YES;
				GCC_WARN_UNUSED_VARIABLE = YES;
				LOCALIZATION_PREFERS_STRING_CATALOGS = YES;
				MACOSX_DEPLOYMENT_TARGET = 26.2;
				MTL_ENABLE_DEBUG_INFO = INCLUDE_SOURCE;
				MTL_FAST_MATH = YES;
				ONLY_ACTIVE_ARCH = YES;
				SDKROOT = macosx;
				STRING_CATALOG_GENERATE_SYMBOLS = YES;
				SWIFT_ACTIVE_COMPILATION_CONDITIONS = "DEBUG $(inherited)";
				SWIFT_OPTIMIZATION_LEVEL = "-Onone";
			};
			name = Debug;
		};
		ED4365B02F52D7D400430841 /* Release */ = {
			isa = XCBuildConfiguration;
			buildSettings = {
				ALWAYS_SEARCH_USER_PATHS = NO;
				ASSETCATALOG_COMPILER_GENERATE_SWIFT_ASSET_SYMBOL_EXTENSIONS = YES;
				CLANG_ANALYZER_NONNULL = YES;
				CLANG_ANALYZER_NUMBER_OBJECT_CONVERSION = YES_AGGRESSIVE;
				CLANG_CXX_LANGUAGE_STANDARD = "gnu++20";
				CLANG_ENABLE_MODULES = YES;
				CLANG_ENABLE_OBJC_ARC = YES;
				CLANG_ENABLE_OBJC_WEAK = YES;
				CLANG_WARN_BLOCK_CAPTURE_AUTORELEASING = YES;
				CLANG_WARN_BOOL_CONVERSION = YES;
				CLANG_WARN_COMMA = YES;
				CLANG_WARN_CONSTANT_CONVERSION = YES;
				CLANG_WARN_DEPRECATED_OBJC_IMPLEMENTATIONS = YES;
				CLANG_WARN_DIRECT_OBJC_ISA_USAGE = YES_ERROR;
				CLANG_WARN_DOCUMENTATION_COMMENTS = YES;
				CLANG_WARN_EMPTY_BODY = YES;
				CLANG_WARN_ENUM_CONVERSION = YES;
				CLANG_WARN_INFINITE_RECURSION = YES;
				CLANG_WARN_INT_CONVERSION = YES;
				CLANG_WARN_NON_LITERAL_NULL_CONVERSION = YES;
				CLANG_WARN_OBJC_IMPLICIT_RETAIN_SELF = YES;
				CLANG_WARN_OBJC_LITERAL_CONVERSION = YES;
				CLANG_WARN_OBJC_ROOT_CLASS = YES_ERROR;
				CLANG_WARN_QUOTED_INCLUDE_IN_FRAMEWORK_HEADER = YES;
				CLANG_WARN_RANGE_LOOP_ANALYSIS = YES;
				CLANG_WARN_STRICT_PROTOTYPES = YES;
				CLANG_WARN_SUSPICIOUS_MOVE = YES;
				CLANG_WARN_UNGUARDED_AVAILABILITY = YES_AGGRESSIVE;
				CLANG_WARN_UNREACHABLE_CODE = YES;
				CLANG_WARN__DUPLICATE_METHOD_MATCH = YES;
				COPY_PHASE_STRIP = NO;
				DEAD_CODE_STRIPPING = YES;
				DEBUG_INFORMATION_FORMAT = "dwarf-with-dsym";
				DEVELOPMENT_TEAM = 3V4T79WLQS;
				ENABLE_NS_ASSERTIONS = NO;
				ENABLE_STRICT_OBJC_MSGSEND = YES;
				ENABLE_USER_SCRIPT_SANDBOXING = YES;
				GCC_C_LANGUAGE_STANDARD = gnu17;
				GCC_NO_COMMON_BLOCKS = YES;
				GCC_WARN_64_TO_32_BIT_CONVERSION = YES;
				GCC_WARN_ABOUT_RETURN_TYPE = YES_ERROR;
				GCC_WARN_UNDECLARED_SELECTOR = YES;
				GCC_WARN_UNINITIALIZED_AUTOS = YES_AGGRESSIVE;
				GCC_WARN_UNUSED_FUNCTION = YES;
				GCC_WARN_UNUSED_VARIABLE = YES;
				LOCALIZATION_PREFERS_STRING_CATALOGS = YES;
				MACOSX_DEPLOYMENT_TARGET = 26.2;
				MTL_ENABLE_DEBUG_INFO = NO;
				MTL_FAST_MATH = YES;
				SDKROOT = macosx;
				STRING_CATALOG_GENERATE_SYMBOLS = YES;
				SWIFT_COMPILATION_MODE = wholemodule;
			};
			name = Release;
		};
		ED4365B22F52D7D400430841 /* Debug */ = {
			isa = XCBuildConfiguration;
			buildSettings = {
				ASSETCATALOG_COMPILER_APPICON_NAME = AppIcon;
				ASSETCATALOG_COMPILER_GLOBAL_ACCENT_COLOR_NAME = AccentColor;
				CODE_SIGN_IDENTITY = "-";
				CODE_SIGN_STYLE = Manual;
				COMBINE_HIDPI_IMAGES = YES;
				CURRENT_PROJECT_VERSION = 1;
				DEAD_CODE_STRIPPING = YES;
				DEVELOPMENT_TEAM = "";
				ENABLE_APP_SANDBOX = YES;
				ENABLE_FILE_ACCESS_DOWNLOADS_FOLDER = readwrite;
				ENABLE_HARDENED_RUNTIME = YES;
				ENABLE_INCOMING_NETWORK_CONNECTIONS = YES;
				ENABLE_OUTGOING_NETWORK_CONNECTIONS = YES;
				ENABLE_PREVIEWS = YES;
				ENABLE_RESOURCE_ACCESS_AUDIO_INPUT = NO;
				ENABLE_RESOURCE_ACCESS_BLUETOOTH = NO;
				ENABLE_RESOURCE_ACCESS_CALENDARS = NO;
				ENABLE_RESOURCE_ACCESS_CAMERA = NO;
				ENABLE_RESOURCE_ACCESS_CONTACTS = NO;
				ENABLE_RESOURCE_ACCESS_LOCATION = NO;
				ENABLE_RESOURCE_ACCESS_PRINTING = NO;
				ENABLE_RESOURCE_ACCESS_USB = NO;
				ENABLE_USER_SELECTED_FILES = readwrite;
				GENERATE_INFOPLIST_FILE = YES;
				INFOPLIST_KEY_NSHumanReadableCopyright = "";
				LD_RUNPATH_SEARCH_PATHS = (
					"$(inherited)",
					"@executable_path/../Frameworks",
				);
				MARKETING_VERSION = 1.0;
				PRODUCT_BUNDLE_IDENTIFIER = "first-test.D";
				PRODUCT_NAME = "$(TARGET_NAME)";
				REGISTER_APP_GROUPS = YES;
				STRING_CATALOG_GENERATE_SYMBOLS = YES;
				SWIFT_APPROACHABLE_CONCURRENCY = YES;
				SWIFT_DEFAULT_ACTOR_ISOLATION = MainActor;
				SWIFT_EMIT_LOC_STRINGS = YES;
				SWIFT_UPCOMING_FEATURE_MEMBER_IMPORT_VISIBILITY = YES;
				SWIFT_VERSION = 5.0;
			};
			name = Debug;
		};
		ED4365B32F52D7D400430841 /* Release */ = {
			isa = XCBuildConfiguration;
			buildSettings = {
				ASSETCATALOG_COMPILER_APPICON_NAME = AppIcon;
				ASSETCATALOG_COMPILER_GLOBAL_ACCENT_COLOR_NAME = AccentColor;
				CODE_SIGN_STYLE = Automatic;
				COMBINE_HIDPI_IMAGES = YES;
				CURRENT_PROJECT_VERSION = 1;
				DEAD_CODE_STRIPPING = YES;
				DEVELOPMENT_TEAM = 3V4T79WLQS;
				ENABLE_APP_SANDBOX = YES;
				ENABLE_FILE_ACCESS_DOWNLOADS_FOLDER = readwrite;
				ENABLE_HARDENED_RUNTIME = YES;
				ENABLE_INCOMING_NETWORK_CONNECTIONS = YES;
				ENABLE_OUTGOING_NETWORK_CONNECTIONS = YES;
				ENABLE_PREVIEWS = YES;
				ENABLE_RESOURCE_ACCESS_AUDIO_INPUT = NO;
				ENABLE_RESOURCE_ACCESS_BLUETOOTH = NO;
				ENABLE_RESOURCE_ACCESS_CALENDARS = NO;
				ENABLE_RESOURCE_ACCESS_CAMERA = NO;
				ENABLE_RESOURCE_ACCESS_CONTACTS = NO;
				ENABLE_RESOURCE_ACCESS_LOCATION = NO;
				ENABLE_RESOURCE_ACCESS_PRINTING = NO;
				ENABLE_RESOURCE_ACCESS_USB = NO;
				ENABLE_USER_SELECTED_FILES = readwrite;
				GENERATE_INFOPLIST_FILE = YES;
				INFOPLIST_KEY_NSHumanReadableCopyright = "";
				LD_RUNPATH_SEARCH_PATHS = (
					"$(inherited)",
					"@executable_path/../Frameworks",
				);
				MARKETING_VERSION = 1.0;
				PRODUCT_BUNDLE_IDENTIFIER = "first-test.D";
				PRODUCT_NAME = "$(TARGET_NAME)";
				REGISTER_APP_GROUPS = YES;
				STRING_CATALOG_GENERATE_SYMBOLS = YES;
				SWIFT_APPROACHABLE_CONCURRENCY = YES;
				SWIFT_DEFAULT_ACTOR_ISOLATION = MainActor;
				SWIFT_EMIT_LOC_STRINGS = YES;
				SWIFT_UPCOMING_FEATURE_MEMBER_IMPORT_VISIBILITY = YES;
				SWIFT_VERSION = 5.0;
			};
			name = Release;
		};
		ED4365B52F52D7D400430841 /* Debug */ = {
			isa = XCBuildConfiguration;
			buildSettings = {
				BUNDLE_LOADER = "$(TEST_HOST)";
				CODE_SIGN_IDENTITY = "-";
				CODE_SIGN_STYLE = Manual;
				CURRENT_PROJECT_VERSION = 1;
				DEAD_CODE_STRIPPING = YES;
				DEVELOPMENT_TEAM = "";
				GENERATE_INFOPLIST_FILE = YES;
				MACOSX_DEPLOYMENT_TARGET = 26.2;
				MARKETING_VERSION = 1.0;
				PRODUCT_BUNDLE_IDENTIFIER = "first-test.DTests";
				PRODUCT_NAME = "$(TARGET_NAME)";
				STRING_CATALOG_GENERATE_SYMBOLS = NO;
				SWIFT_APPROACHABLE_CONCURRENCY = YES;
				SWIFT_EMIT_LOC_STRINGS = NO;
				SWIFT_UPCOMING_FEATURE_MEMBER_IMPORT_VISIBILITY = YES;
				SWIFT_VERSION = 5.0;
				TEST_HOST = "$(BUILT_PRODUCTS_DIR)/D.app/$(BUNDLE_EXECUTABLE_FOLDER_PATH)/D";
			};
			name = Debug;
		};
		ED4365B62F52D7D400430841 /* Release */ = {
			isa = XCBuildConfiguration;
			buildSettings = {
				BUNDLE_LOADER = "$(TEST_HOST)";
				CODE_SIGN_STYLE = Automatic;
				CURRENT_PROJECT_VERSION = 1;
				DEAD_CODE_STRIPPING = YES;
				DEVELOPMENT_TEAM = 3V4T79WLQS;
				GENERATE_INFOPLIST_FILE = YES;
				MACOSX_DEPLOYMENT_TARGET = 26.2;
				MARKETING_VERSION = 1.0;
				PRODUCT_BUNDLE_IDENTIFIER = "first-test.DTests";
				PRODUCT_NAME = "$(TARGET_NAME)";
				STRING_CATALOG_GENERATE_SYMBOLS = NO;
				SWIFT_APPROACHABLE_CONCURRENCY = YES;
				SWIFT_EMIT_LOC_STRINGS = NO;
				SWIFT_UPCOMING_FEATURE_MEMBER_IMPORT_VISIBILITY = YES;
				SWIFT_VERSION = 5.0;
				TEST_HOST = "$(BUILT_PRODUCTS_DIR)/D.app/$(BUNDLE_EXECUTABLE_FOLDER_PATH)/D";
			};
			name = Release;
		};
		ED4365B82F52D7D400430841 /* Debug */ = {
			isa = XCBuildConfiguration;
			buildSettings = {
				CODE_SIGN_IDENTITY = "-";
				CODE_SIGN_STYLE = Manual;
				CURRENT_PROJECT_VERSION = 1;
				DEAD_CODE_STRIPPING = YES;
				DEVELOPMENT_TEAM = "";
				GENERATE_INFOPLIST_FILE = YES;
				MARKETING_VERSION = 1.0;
				PRODUCT_BUNDLE_IDENTIFIER = "first-test.DUITests";
				PRODUCT_NAME = "$(TARGET_NAME)";
				STRING_CATALOG_GENERATE_SYMBOLS = NO;
				SWIFT_APPROACHABLE_CONCURRENCY = YES;
				SWIFT_EMIT_LOC_STRINGS = NO;
				SWIFT_UPCOMING_FEATURE_MEMBER_IMPORT_VISIBILITY = YES;
				SWIFT_VERSION = 5.0;
				TEST_TARGET_NAME = D;
			};
			name = Debug;
		};
		ED4365B92F52D7D400430841 /* Release */ = {
			isa = XCBuildConfiguration;
			buildSettings = {
				CODE_SIGN_STYLE = Automatic;
				CURRENT_PROJECT_VERSION = 1;
				DEAD_CODE_STRIPPING = YES;
				DEVELOPMENT_TEAM = 3V4T79WLQS;
				GENERATE_INFOPLIST_FILE = YES;
				MARKETING_VERSION = 1.0;
				PRODUCT_BUNDLE_IDENTIFIER = "first-test.DUITests";
				PRODUCT_NAME = "$(TARGET_NAME)";
				STRING_CATALOG_GENERATE_SYMBOLS = NO;
				SWIFT_APPROACHABLE_CONCURRENCY = YES;
				SWIFT_EMIT_LOC_STRINGS = NO;
				SWIFT_UPCOMING_FEATURE_MEMBER_IMPORT_VISIBILITY = YES;
				SWIFT_VERSION = 5.0;
				TEST_TARGET_NAME = D;
			};
			name = Release;
		};
/* End XCBuildConfiguration section */

/* Begin XCConfigurationList section */
		ED4365892F52D7D300430841 /* Build configuration list for PBXProject "D" */ = {
			isa = XCConfigurationList;
			buildConfigurations = (
				ED4365AF2F52D7D400430841 /* Debug */,
				ED4365B02F52D7D400430841 /* Release */,
			);
			defaultConfigurationIsVisible = 0;
			defaultConfigurationName = Release;
		};
		ED4365B12F52D7D400430841 /* Build configuration list for PBXNativeTarget "D" */ = {
			isa = XCConfigurationList;
			buildConfigurations = (
				ED4365B22F52D7D400430841 /* Debug */,
				ED4365B32F52D7D400430841 /* Release */,
			);
			defaultConfigurationIsVisible = 0;
			defaultConfigurationName = Release;
		};
		ED4365B42F52D7D400430841 /* Build configuration list for PBXNativeTarget "DTests" */ = {
			isa = XCConfigurationList;
			buildConfigurations = (
				ED4365B52F52D7D400430841 /* Debug */,
				ED4365B62F52D7D400430841 /* Release */,
			);
			defaultConfigurationIsVisible = 0;
			defaultConfigurationName = Release;
		};
		ED4365B72F52D7D400430841 /* Build configuration list for PBXNativeTarget "DUITests" */ = {
			isa = XCConfigurationList;
			buildConfigurations = (
				ED4365B82F52D7D400430841 /* Debug */,
				ED4365B92F52D7D400430841 /* Release */,
			);
			defaultConfigurationIsVisible = 0;
			defaultConfigurationName = Release;
		};
/* End XCConfigurationList section */

/* Begin XCLocalSwiftPackageReference section */
		ED4365D92F52D9B000430841 /* XCLocalSwiftPackageReference "Packages/Core" */ = {
			isa = XCLocalSwiftPackageReference;
			relativePath = Packages/Core;
		};
		ED4365DF2F52D9E200430841 /* XCLocalSwiftPackageReference "Packages/TextInference" */ = {
			isa = XCLocalSwiftPackageReference;
			relativePath = Packages/TextInference;
		};
		ED4365E22F52D9F800430841 /* XCLocalSwiftPackageReference "Packages/UI" */ = {
			isa = XCLocalSwiftPackageReference;
			relativePath = Packages/UI;
		};
		ED4365E52F52DA0D00430841 /* XCLocalSwiftPackageReference "Packages/AIAssistant" */ = {
			isa = XCLocalSwiftPackageReference;
			relativePath = Packages/AIAssistant;
		};
		ED4365E82F52DA1B00430841 /* XCLocalSwiftPackageReference "Packages/ImageInference" */ = {
			isa = XCLocalSwiftPackageReference;
			relativePath = Packages/ImageInference;
		};
		ED4365EC2F52DB6000430841 /* XCLocalSwiftPackageReference "Packages/ModelLoading" */ = {
			isa = XCLocalSwiftPackageReference;
			relativePath = Packages/ModelLoading;
		};
		ED4365BA2F52D92300430841 /* XCLocalSwiftPackageReference "Vendor/mlx-swift" */ = {
			isa = XCLocalSwiftPackageReference;
			relativePath = Vendor/mlx-swift;
		};
/* End XCLocalSwiftPackageReference section */

/* Begin XCRemoteSwiftPackageReference section */
		ED6327DB2F55CE2A0019907F /* XCRemoteSwiftPackageReference "mlx-swift-examples" */ = {
			isa = XCRemoteSwiftPackageReference;
			repositoryURL = "https://github.com/ml-explore/mlx-swift-examples";
			requirement = {
				kind = upToNextMajorVersion;
				minimumVersion = 2.29.1;
			};
		};
		EDE41E9E2F5470840023FF02 /* XCRemoteSwiftPackageReference "swift-transformers" */ = {
			isa = XCRemoteSwiftPackageReference;
			repositoryURL = "https://github.com/huggingface/swift-transformers";
			requirement = {
				kind = upToNextMinorVersion;
				minimumVersion = 1.1.8;
			};
		};
		EDE41EA52F5470980023FF02 /* XCRemoteSwiftPackageReference "mlx-swift-lm" */ = {
			isa = XCRemoteSwiftPackageReference;
			repositoryURL = "https://github.com/ml-explore/mlx-swift-lm";
			requirement = {
				kind = upToNextMajorVersion;
				minimumVersion = 2.30.6;
			};
		};
/* End XCRemoteSwiftPackageReference section */

/* Begin XCSwiftPackageProductDependency section */
		ED4365BB2F52D92300430841 /* MLX */ = {
			isa = XCSwiftPackageProductDependency;
			package = ED4365BA2F52D92300430841 /* XCLocalSwiftPackageReference "Vendor/mlx-swift" */;
			productName = MLX;
		};
		ED4365BD2F52D92300430841 /* MLXFFT */ = {
			isa = XCSwiftPackageProductDependency;
			package = ED4365BA2F52D92300430841 /* XCLocalSwiftPackageReference "Vendor/mlx-swift" */;
			productName = MLXFFT;
		};
		ED4365BF2F52D92300430841 /* MLXFast */ = {
			isa = XCSwiftPackageProductDependency;
			package = ED4365BA2F52D92300430841 /* XCLocalSwiftPackageReference "Vendor/mlx-swift" */;
			productName = MLXFast;
		};
		ED4365C12F52D92300430841 /* MLXLinalg */ = {
			isa = XCSwiftPackageProductDependency;
			package = ED4365BA2F52D92300430841 /* XCLocalSwiftPackageReference "Vendor/mlx-swift" */;
			productName = MLXLinalg;
		};
		ED4365C32F52D92300430841 /* MLXNN */ = {
			isa = XCSwiftPackageProductDependency;
			package = ED4365BA2F52D92300430841 /* XCLocalSwiftPackageReference "Vendor/mlx-swift" */;
			productName = MLXNN;
		};
		ED4365C52F52D92300430841 /* MLXOptimizers */ = {
			isa = XCSwiftPackageProductDependency;
			package = ED4365BA2F52D92300430841 /* XCLocalSwiftPackageReference "Vendor/mlx-swift" */;
			productName = MLXOptimizers;
		};
		ED4365C72F52D92300430841 /* MLXRandom */ = {
			isa = XCSwiftPackageProductDependency;
			package = ED4365BA2F52D92300430841 /* XCLocalSwiftPackageReference "Vendor/mlx-swift" */;
			productName = MLXRandom;
		};
		ED4365DA2F52D9B000430841 /* Core */ = {
			isa = XCSwiftPackageProductDependency;
			productName = Core;
		};
		ED4365DD2F52D9C300430841 /* ModelLoading */ = {
			isa = XCSwiftPackageProductDependency;
			productName = ModelLoading;
		};
		ED4365E02F52D9E200430841 /* TextInference */ = {
			isa = XCSwiftPackageProductDependency;
			productName = TextInference;
		};
		ED4365E32F52D9F800430841 /* UI */ = {
			isa = XCSwiftPackageProductDependency;
			productName = UI;
		};
		ED4365E62F52DA0D00430841 /* AIAssistant */ = {
			isa = XCSwiftPackageProductDependency;
			productName = AIAssistant;
		};
		ED4365E92F52DA1B00430841 /* ImageInference */ = {
			isa = XCSwiftPackageProductDependency;
			productName = ImageInference;
		};
		ED4365ED2F52DB6000430841 /* ModelLoading */ = {
			isa = XCSwiftPackageProductDependency;
			productName = ModelLoading;
		};
		ED6327DC2F55CE2A0019907F /* MLXMNIST */ = {
			isa = XCSwiftPackageProductDependency;
			package = ED6327DB2F55CE2A0019907F /* XCRemoteSwiftPackageReference "mlx-swift-examples" */;
			productName = MLXMNIST;
		};
		ED6327DE2F55CE2A0019907F /* StableDiffusion */ = {
			isa = XCSwiftPackageProductDependency;
			package = ED6327DB2F55CE2A0019907F /* XCRemoteSwiftPackageReference "mlx-swift-examples" */;
			productName = StableDiffusion;
		};
		EDE41E8F2F546F1B0023FF02 /* MLXEmbedders */ = {
			isa = XCSwiftPackageProductDependency;
			productName = MLXEmbedders;
		};
		EDE41E912F546F1B0023FF02 /* MLXLLM */ = {
			isa = XCSwiftPackageProductDependency;
			productName = MLXLLM;
		};
		EDE41E932F546F1B0023FF02 /* MLXLMCommon */ = {
			isa = XCSwiftPackageProductDependency;
			productName = MLXLMCommon;
		};
		EDE41E952F546F1B0023FF02 /* MLXVLM */ = {
			isa = XCSwiftPackageProductDependency;
			productName = MLXVLM;
		};
		EDE41E982F546F3D0023FF02 /* Hub */ = {
			isa = XCSwiftPackageProductDependency;
			productName = Hub;
		};
		EDE41E9A2F546F3D0023FF02 /* Tokenizers */ = {
			isa = XCSwiftPackageProductDependency;
			productName = Tokenizers;
		};
		EDE41E9C2F546F3D0023FF02 /* Transformers */ = {
			isa = XCSwiftPackageProductDependency;
			productName = Transformers;
		};
		EDE41E9F2F5470840023FF02 /* Hub */ = {
			isa = XCSwiftPackageProductDependency;
			package = EDE41E9E2F5470840023FF02 /* XCRemoteSwiftPackageReference "swift-transformers" */;
			productName = Hub;
		};
		EDE41EA12F5470840023FF02 /* Tokenizers */ = {
			isa = XCSwiftPackageProductDependency;
			package = EDE41E9E2F5470840023FF02 /* XCRemoteSwiftPackageReference "swift-transformers" */;
			productName = Tokenizers;
		};
		EDE41EA32F5470840023FF02 /* Transformers */ = {
			isa = XCSwiftPackageProductDependency;
			package = EDE41E9E2F5470840023FF02 /* XCRemoteSwiftPackageReference "swift-transformers" */;
			productName = Transformers;
		};
		EDE41EA62F5470980023FF02 /* MLXEmbedders */ = {
			isa = XCSwiftPackageProductDependency;
			package = EDE41EA52F5470980023FF02 /* XCRemoteSwiftPackageReference "mlx-swift-lm" */;
			productName = MLXEmbedders;
		};
		EDE41EA82F5470980023FF02 /* MLXLLM */ = {
			isa = XCSwiftPackageProductDependency;
			package = EDE41EA52F5470980023FF02 /* XCRemoteSwiftPackageReference "mlx-swift-lm" */;
			productName = MLXLLM;
		};
		EDE41EAA2F5470980023FF02 /* MLXLMCommon */ = {
			isa = XCSwiftPackageProductDependency;
			package = EDE41EA52F5470980023FF02 /* XCRemoteSwiftPackageReference "mlx-swift-lm" */;
			productName = MLXLMCommon;
		};
		EDE41EAC2F5470980023FF02 /* MLXVLM */ = {
			isa = XCSwiftPackageProductDependency;
			package = EDE41EA52F5470980023FF02 /* XCRemoteSwiftPackageReference "mlx-swift-lm" */;
			productName = MLXVLM;
		};
/* End XCSwiftPackageProductDependency section */
	};
	rootObject = ED4365862F52D7D300430841 /* Project object */;
}
